github.com/gen2brain/beeep v0.0.0-20230907135156-1a38885a97fc h1:NNgdMgPX3j33uEAoVVxNxillDPnxT0xbGv8uh4CKIAo=
github.com/gen2brain/beeep v0.0.0-20230907135156-1a38885a97fc/go.mod h1:0W7dI87PvXJ1Sjs0QPvWXKcQmNERY77e8l7GFhZB/s4=
github.com/go-toast/toast v0.0.0-20190211030409-01e6764cf0a4 h1:qZNfIGkIANxGv/OqtnntR4DfOY2+BgwR60cAcu/i3SE=
github.com/go-toast/toast v0.0.0-20190211030409-01e6764cf0a4/go.mod h1:kW3HQ4UdaAyrUCSSDR4xUzBKW6O2iA4uHhk7AtyYp10=
github.com/godbus/dbus/v5 v5.1.0 h1:4KLkAxT3aOY8Li4FRJe/KvhoNFFxo0m6fNuFUO8QJUk=
github.com/godbus/dbus/v5 v5.1.0/go.mod h1:xhWf0FNVPg57R7Z0UbKHbJfkEywrmjJnf7w5xrFpKfA=
github.com/mattn/go-runewidth v0.0.14/go.mod h1:Jdepj2loyihRzMpdS35Xk/zdY8IAYHsh153qUoGf23w=
github.com/mattn/go-runewidth v0.0.15 h1:UNAjwbU9l54TA3KzvqLGxwWjHmMgBUVhBiTjelZgg3U=
github.com/mattn/go-runewidth v0.0.15/go.mod h1:Jdepj2loyihRzMpdS35Xk/zdY8IAYHsh153qUoGf23w=
github.com/mattn/go-scan v0.0.0-20200228002420-2250e6e52487 h1:FsO95DVHMp/Eldk9cjfPdO+aCM8csjrsMX6daS0xFuE=
github.com/mattn/go-scan v0.0.0-20200228002420-2250e6e52487/go.mod h1:sNJr+MyYo/WAx30FGeqHkJGtNyqmD6oQyfHrwC/tDVo=
github.com/nu7hatch/gouuid v0.0.0-20131221200532-179d4d0c4d8d h1:VhgPp6v9qf9Agr/56bj7Y/xa04UccTW04VP0Qed4vnQ=
github.com/nu7hatch/gouuid v0.0.0-20131221200532-179d4d0c4d8d/go.mod h1:YUTz3bUH2ZwIWBy3CJBeOBEugqcmXREj14T+iG/4k4U=
github.com/pkg/errors v0.9.1 h1:FEBLx1zS214owpjy7qsBeixbURkuhQAwrK5UwLGTwt4=
github.com/pkg/errors v0.9.1/go.mod h1:bwawxfHBFNV+L2hUp1rHADufV3IMtnDRdf1r5NINEl0=
github.com/rivo/uniseg v0.2.0/go.mod h1:J6wj4VEh+S6ZtnVlnTBMWIodfgj8LQOQFoIToxlJtxc=
github.com/rivo/uniseg v0.4.3/go.mod h1:FN3SvrM+Zdj16jyLfmOkMNblXMcoc8DfTHruCPUcx88=
github.com/rivo/uniseg v0.4.4 h1:8TfxU8dW6PdqD27gjM8MVNuicgxIjxpm4K7x4jp8sis=
github.com/rivo/uniseg v0.4.4/go.mod h1:FN3SvrM+Zdj16jyLfmOkMNblXMcoc8DfTHruCPUcx88=
github.com/schollz/progressbar v1.0.0 h1:gbyFReLHDkZo8mxy/dLWMr+Mpb1MokGJ1FqCiqacjZM=
github.com/schollz/progressbar v1.0.0/go.mod h1:/l9I7PC3L3erOuz54ghIRKUEFcosiWfLvJv+Eq26UMs=
github.com/shu-go/cliparser v0.2.2 h1:EONHyGHC+9l2mukTBNsxvngXro73T22kXb+agVFd0CY=
github.com/shu-go/cliparser v0.2.2/go.mod h1:oX+xgwUi9B2OzBFudKc5ayoqWhlVAbuN67rAqyWvvQ4=
github.com/shu-go/clise v0.0.0-20190822023516-79849fb81cfe/go.mod h1:VLiMEzXMBozBLD37i3id3qPflaupus48v/979ipQ43s=
github.com/shu-go/gli v1.5.7 h1:bvzFPU/ArxzmCTsegXjN3nwOzvV62LPUCsa5bwBfyMg=
github.com/shu-go/gli v1.5.7/go.mod h1:WZSG6NFYr/1rwT2F3Oms0gWyklvjJNDW6qvBfZ/tM4U=
github.com/shu-go/gotwant v0.0.0-20190920074605-b4f19c0bac91 h1:nwDc3kHbf9scf1UZIWiWw5tZF3Z4yOJAMjNN+kYXJwE=
github.com/shu-go/gotwant v0.0.0-20190920074605-b4f19c0bac91/go.mod h1:FZepfqvib0mXjHiaQPTv0RUD5QMpMA/FHLfBQjZRRQg=
github.com/shu-go/progio v0.0.0-20190822042334-2f5cf6a8a04c h1:KAe9zSDYc2KO7es/du1Ck/DZOoVLrpQMMXrKB6ZNcB4=
github.com/shu-go/progio v0.0.0-20190822042334-2f5cf6a8a04c/go.mod h1:ikApHo7IPnoQ7zH0BSPbK4Sev0lIsWlAKLjuBmzEkmg=
github.com/tadvi/systray v0.0.0-20190226123456-11a2b8fa57af h1:6yITBqGTE2lEeTPG04SN9W+iWHCRyHqlVYILiSXziwk=
github.com/tadvi/systray v0.0.0-20190226123456-11a2b8fa57af/go.mod h1:4F09kP5F+am0jAwlQLddpoMDM+iewkxxt6nxUQ5nq5o=
golang.org/x/sys v0.6.0/go.mod h1:oPkhp1MJrh7nUepCBck5+mAzfO9JrbApNNgaTdGDITg=
golang.org/x/sys v0.13.0 h1:Af8nKPmuFypiUBjVoU9V20FiaFXOcuZI21p0ycVYYGE=
golang.org/x/sys v0.13.0/go.mod h1:oPkhp1MJrh7nUepCBck5+mAzfO9JrbApNNgaTdGDITg=
